
Microsoft Visual Studio Solution File, Format Version 9.00
# Visual C# Express 2005
Project("{FAE04EC0-301F-11D3-BF4B-00C04F79EFBC}") = "pin crack v2", "pin crack v2\pin crack v2.csproj", "{8891AE52-69DF-4EFC-B244-4DBA8D2C3AB5}"
EndProject
Global
	GlobalSection(SolutionConfigurationPlatforms) = preSolution
		Debug|Any CPU = Debug|Any CPU
		Release|Any CPU = Release|Any CPU
	EndGlobalSection
	GlobalSection(ProjectConfigurationPlatforms) = postSolution
		{8891AE52-69DF-4EFC-B244-4DBA8D2C3AB5}.Debug|Any CPU.ActiveCfg = Debug|Any CPU
		{8891AE52-69DF-4EFC-B244-4DBA8D2C3AB5}.Debug|Any CPU.Build.0 = Debug|Any CPU
		{8891AE52-69DF-4EFC-B244-4DBA8D2C3AB5}.Release|Any CPU.ActiveCfg = Release|Any CPU
		{8891AE52-69DF-4EFC-B244-4DBA8D2C3AB5}.Release|Any CPU.Build.0 = Release|Any CPU
	EndGlobalSection
	GlobalSection(SolutionProperties) = preSolution
		HideSolutionNode = FALSE
	EndGlobalSection
EndGlobal
